
Microsoft Visual Studio Solution File, Format Version 12.00
# Visual Studio Version 17
VisualStudioVersion = 17.2.32616.157
MinimumVisualStudioVersion = 10.0.40219.1
Project("{FAE04EC0-301F-11D3-BF4B-00C04F79EFBC}") = "solidworks addins template", "solidworks addins 3\solidworks addins template.csproj", "{149C96C4-5CE6-4BED-99DD-9E3956673DCB}"
EndProject
Global
	GlobalSection(SolutionConfigurationPlatforms) = preSolution
		Debug|Any CPU = Debug|Any CPU
		Release|Any CPU = Release|Any CPU
	EndGlobalSection
	GlobalSection(ProjectConfigurationPlatforms) = postSolution
		{149C96C4-5CE6-4BED-99DD-9E3956673DCB}.Debug|Any CPU.ActiveCfg = Debug|Any CPU
		{149C96C4-5CE6-4BED-99DD-9E3956673DCB}.Debug|Any CPU.Build.0 = Debug|Any CPU
		{149C96C4-5CE6-4BED-99DD-9E3956673DCB}.Release|Any CPU.ActiveCfg = Release|Any CPU
		{149C96C4-5CE6-4BED-99DD-9E3956673DCB}.Release|Any CPU.Build.0 = Release|Any CPU
	EndGlobalSection
	GlobalSection(SolutionProperties) = preSolution
		HideSolutionNode = FALSE
	EndGlobalSection
	GlobalSection(ExtensibilityGlobals) = postSolution
		SolutionGuid = {4637E478-460F-44F9-BCC2-98DEC355A86F}
	EndGlobalSection
EndGlobal
